
Microsoft Visual Studio Solution File, Format Version 12.00
# Visual Studio Version 17
VisualStudioVersion = 17.14.36518.9 d17.14
MinimumVisualStudioVersion = 10.0.40219.1
Project("{FAE04EC0-301F-11D3-BF4B-00C04F79EFBC}") = "MetasApp", "MetasApp\MetasApp.csproj", "{77B2D491-6CD3-4655-80F4-A77769F07FC2}"
EndProject
Global
	GlobalSection(SolutionConfigurationPlatforms) = preSolution
		Debug|Any CPU = Debug|Any CPU
		Release|Any CPU = Release|Any CPU
	EndGlobalSection
	GlobalSection(ProjectConfigurationPlatforms) = postSolution
		{77B2D491-6CD3-4655-80F4-A77769F07FC2}.Debug|Any CPU.ActiveCfg = Debug|Any CPU
		{77B2D491-6CD3-4655-80F4-A77769F07FC2}.Debug|Any CPU.Build.0 = Debug|Any CPU
		{77B2D491-6CD3-4655-80F4-A77769F07FC2}.Release|Any CPU.ActiveCfg = Release|Any CPU
		{77B2D491-6CD3-4655-80F4-A77769F07FC2}.Release|Any CPU.Build.0 = Release|Any CPU
	EndGlobalSection
	GlobalSection(SolutionProperties) = preSolution
		HideSolutionNode = FALSE
	EndGlobalSection
	GlobalSection(ExtensibilityGlobals) = postSolution
		SolutionGuid = {9C286BBB-B496-4887-AC5A-4A3D7697AFAE}
	EndGlobalSection
EndGlobal
